# generated by rye
# use `rye lock` or `rye sync` to update this lockfile
#
# last locked with the following flags:
#   pre: false
#   features: []
#   all-features: false
#   with-sources: false
#   generate-hashes: false
#   universal: false

-e file:.
aio-celery==0.20.0
    # via test0008
aio-pika==9.5.5
    # via aio-celery
aiormq==6.8.1
    # via aio-pika
aiosqlite==0.21.0
    # via test0008
alembic==1.15.2
    # via test0008
annotated-types==0.7.0
    # via pydantic
anyio==4.9.0
    # via httpx
    # via starlette
    # via watchfiles
asyncpg==0.30.0
    # via test0008
black==25.1.0
certifi==2025.4.26
    # via httpcore
    # via httpx
click==8.1.8
    # via black
    # via rich-toolkit
    # via typer
    # via uvicorn
dnspython==2.7.0
    # via email-validator
email-validator==2.2.0
    # via fastapi
exceptiongroup==1.2.2
    # via aio-pika
fastapi==0.115.12
    # via test0008
fastapi-cli==0.0.7
    # via fastapi
greenlet==3.2.1
    # via sqlalchemy
h11==0.16.0
    # via httpcore
    # via uvicorn
httpcore==1.0.9
    # via httpx
httptools==0.6.4
    # via uvicorn
httpx==0.28.1
    # via fastapi
    # via test0008
idna==3.10
    # via anyio
    # via email-validator
    # via httpx
    # via yarl
iniconfig==2.1.0
    # via pytest
jinja2==3.1.6
    # via fastapi
loguru==0.7.3
    # via test0008
mako==1.3.10
    # via alembic
markdown-it-py==3.0.0
    # via rich
markupsafe==3.0.2
    # via jinja2
    # via mako
mdurl==0.1.2
    # via markdown-it-py
multidict==6.4.3
    # via yarl
mypy==1.15.0
mypy-extensions==1.1.0
    # via black
    # via mypy
packaging==25.0
    # via black
    # via pytest
pamqp==3.3.0
    # via aiormq
pathspec==0.12.1
    # via black
pip==25.1.1
    # via test0008
platformdirs==4.3.7
    # via black
pluggy==1.5.0
    # via pytest
propcache==0.3.1
    # via yarl
pydantic==2.11.4
    # via fastapi
    # via pydantic-settings
    # via test0008
pydantic-core==2.33.2
    # via pydantic
pydantic-settings==2.9.1
    # via test0008
pygments==2.19.1
    # via rich
pytest==8.3.5
    # via pytest-asyncio
    # via test0008
pytest-asyncio==0.26.0
    # via test0008
python-dotenv==1.1.0
    # via pydantic-settings
    # via uvicorn
python-multipart==0.0.20
    # via fastapi
pyyaml==6.0.2
    # via uvicorn
redis==6.0.0
    # via aio-celery
rich==14.0.0
    # via rich-toolkit
    # via typer
rich-toolkit==0.14.4
    # via fastapi-cli
ruff==0.11.8
shellingham==1.5.4
    # via typer
sniffio==1.3.1
    # via anyio
sqlalchemy==2.0.40
    # via alembic
    # via test0008
starlette==0.46.2
    # via fastapi
typer==0.15.3
    # via fastapi-cli
typing-extensions==4.13.2
    # via aiosqlite
    # via alembic
    # via anyio
    # via fastapi
    # via mypy
    # via pydantic
    # via pydantic-core
    # via rich-toolkit
    # via sqlalchemy
    # via typer
    # via typing-inspection
typing-inspection==0.4.0
    # via pydantic
    # via pydantic-settings
uvicorn==0.34.2
    # via fastapi
    # via fastapi-cli
uvloop==0.21.0
    # via uvicorn
watchfiles==1.0.5
    # via uvicorn
websockets==15.0.1
    # via uvicorn
yarl==1.20.0
    # via aio-pika
    # via aiormq
